
Microsoft Visual Studio Solution File, Format Version 12.00
# Visual Studio Version 17
VisualStudioVersion = 17.13.35919.96 d17.13
MinimumVisualStudioVersion = 10.0.40219.1
Project("{FAE04EC0-301F-11D3-BF4B-00C04F79EFBC}") = "ConfigureImportExport", "ConfigureImportExport\ConfigureImportExport.csproj", "{9B4C07EA-B341-4573-8BE0-478A7E2987E6}"
EndProject
Global
	GlobalSection(SolutionConfigurationPlatforms) = preSolution
		Debug|Any CPU = Debug|Any CPU
		Release|Any CPU = Release|Any CPU
	EndGlobalSection
	GlobalSection(ProjectConfigurationPlatforms) = postSolution
		{9B4C07EA-B341-4573-8BE0-478A7E2987E6}.Debug|Any CPU.ActiveCfg = Debug|Any CPU
		{9B4C07EA-B341-4573-8BE0-478A7E2987E6}.Debug|Any CPU.Build.0 = Debug|Any CPU
		{9B4C07EA-B341-4573-8BE0-478A7E2987E6}.Release|Any CPU.ActiveCfg = Release|Any CPU
		{9B4C07EA-B341-4573-8BE0-478A7E2987E6}.Release|Any CPU.Build.0 = Release|Any CPU
	EndGlobalSection
	GlobalSection(SolutionProperties) = preSolution
		HideSolutionNode = FALSE
	EndGlobalSection
	GlobalSection(ExtensibilityGlobals) = postSolution
		SolutionGuid = {7C72E0AA-424E-4911-B63A-DB768839AF4C}
	EndGlobalSection
EndGlobal
